
Microsoft Visual Studio Solution File, Format Version 12.00
# Visual Studio 15
VisualStudioVersion = 15.0.27004.2002
MinimumVisualStudioVersion = 10.0.40219.1
Project("{FAE04EC0-301F-11D3-BF4B-00C04F79EFBC}") = "WoFM RPG.Plugins", "WoFM RPG.Plugins.csproj", "{476A26FD-4CBE-C4DF-DC38-F3A6D2025C98}"
EndProject
Project("{FAE04EC0-301F-11D3-BF4B-00C04F79EFBC}") = "WoFM RPG", "WoFM RPG.csproj", "{C908FFD3-2091-6035-CBE1-42F1FC5381A1}"
EndProject
Project("{FAE04EC0-301F-11D3-BF4B-00C04F79EFBC}") = "WoFM RPG.Editor.Plugins", "WoFM RPG.Editor.Plugins.csproj", "{B32F2337-3767-6E9D-BF3E-607610360317}"
EndProject
Project("{FAE04EC0-301F-11D3-BF4B-00C04F79EFBC}") = "RPGTests", "..\RPGTests\RPGTests.csproj", "{9C78A17A-15E7-4674-ABEF-18D941D4E51F}"
EndProject
Project("{FAE04EC0-301F-11D3-BF4B-00C04F79EFBC}") = "RPGBase", "..\RPGBase\RPGBase.csproj", "{B1D6CBB3-5FE0-478E-BB7B-60A46F742F7A}"
EndProject
Global
	GlobalSection(SolutionConfigurationPlatforms) = preSolution
		Debug|Any CPU = Debug|Any CPU
		Release|Any CPU = Release|Any CPU
	EndGlobalSection
	GlobalSection(ProjectConfigurationPlatforms) = postSolution
		{476A26FD-4CBE-C4DF-DC38-F3A6D2025C98}.Debug|Any CPU.ActiveCfg = Debug|Any CPU
		{476A26FD-4CBE-C4DF-DC38-F3A6D2025C98}.Debug|Any CPU.Build.0 = Debug|Any CPU
		{476A26FD-4CBE-C4DF-DC38-F3A6D2025C98}.Release|Any CPU.ActiveCfg = Release|Any CPU
		{476A26FD-4CBE-C4DF-DC38-F3A6D2025C98}.Release|Any CPU.Build.0 = Release|Any CPU
		{C908FFD3-2091-6035-CBE1-42F1FC5381A1}.Debug|Any CPU.ActiveCfg = Debug|Any CPU
		{C908FFD3-2091-6035-CBE1-42F1FC5381A1}.Debug|Any CPU.Build.0 = Debug|Any CPU
		{C908FFD3-2091-6035-CBE1-42F1FC5381A1}.Release|Any CPU.ActiveCfg = Release|Any CPU
		{C908FFD3-2091-6035-CBE1-42F1FC5381A1}.Release|Any CPU.Build.0 = Release|Any CPU
		{B32F2337-3767-6E9D-BF3E-607610360317}.Debug|Any CPU.ActiveCfg = Debug|Any CPU
		{B32F2337-3767-6E9D-BF3E-607610360317}.Debug|Any CPU.Build.0 = Debug|Any CPU
		{B32F2337-3767-6E9D-BF3E-607610360317}.Release|Any CPU.ActiveCfg = Release|Any CPU
		{B32F2337-3767-6E9D-BF3E-607610360317}.Release|Any CPU.Build.0 = Release|Any CPU
		{9C78A17A-15E7-4674-ABEF-18D941D4E51F}.Debug|Any CPU.ActiveCfg = Debug|Any CPU
		{9C78A17A-15E7-4674-ABEF-18D941D4E51F}.Debug|Any CPU.Build.0 = Debug|Any CPU
		{9C78A17A-15E7-4674-ABEF-18D941D4E51F}.Release|Any CPU.ActiveCfg = Release|Any CPU
		{9C78A17A-15E7-4674-ABEF-18D941D4E51F}.Release|Any CPU.Build.0 = Release|Any CPU
		{B1D6CBB3-5FE0-478E-BB7B-60A46F742F7A}.Debug|Any CPU.ActiveCfg = Debug|Any CPU
		{B1D6CBB3-5FE0-478E-BB7B-60A46F742F7A}.Debug|Any CPU.Build.0 = Debug|Any CPU
		{B1D6CBB3-5FE0-478E-BB7B-60A46F742F7A}.Release|Any CPU.ActiveCfg = Release|Any CPU
		{B1D6CBB3-5FE0-478E-BB7B-60A46F742F7A}.Release|Any CPU.Build.0 = Release|Any CPU
	EndGlobalSection
	GlobalSection(SolutionProperties) = preSolution
		HideSolutionNode = FALSE
	EndGlobalSection
	GlobalSection(ExtensibilityGlobals) = postSolution
		SolutionGuid = {5DC64D1F-D036-45AF-A1E2-CF46C924A9E6}
	EndGlobalSection
EndGlobal
