
Microsoft Visual Studio Solution File, Format Version 12.00
# Visual Studio 2015
Project("{FAE04EC0-301F-11D3-BF4B-00C04F79EFBC}") = "RollBallTutorial.CSharp", "RollBallTutorial.CSharp.csproj", "{ADBB4EBD-1D9E-86F7-BED7-DAB5CE5900E2}"
EndProject
Global
	GlobalSection(SolutionConfigurationPlatforms) = preSolution
		Debug|Any CPU = Debug|Any CPU
		Release|Any CPU = Release|Any CPU
	EndGlobalSection
	GlobalSection(ProjectConfigurationPlatforms) = postSolution
		{ADBB4EBD-1D9E-86F7-BED7-DAB5CE5900E2}.Debug|Any CPU.ActiveCfg = Debug|Any CPU
		{ADBB4EBD-1D9E-86F7-BED7-DAB5CE5900E2}.Debug|Any CPU.Build.0 = Debug|Any CPU
		{ADBB4EBD-1D9E-86F7-BED7-DAB5CE5900E2}.Release|Any CPU.ActiveCfg = Release|Any CPU
		{ADBB4EBD-1D9E-86F7-BED7-DAB5CE5900E2}.Release|Any CPU.Build.0 = Release|Any CPU
	EndGlobalSection
	GlobalSection(SolutionProperties) = preSolution
		HideSolutionNode = FALSE
	EndGlobalSection
EndGlobal
