
Microsoft Visual Studio Solution File, Format Version 12.00
# Visual Studio 2015
Project("{FAE04EC0-301F-11D3-BF4B-00C04F79EFBC}") = "Fractal.CSharp", "Fractal.CSharp.csproj", "{0EE1C8E7-E61E-30C5-88C9-FD115E6DE48C}"
EndProject
Global
	GlobalSection(SolutionConfigurationPlatforms) = preSolution
		Debug|Any CPU = Debug|Any CPU
		Release|Any CPU = Release|Any CPU
	EndGlobalSection
	GlobalSection(ProjectConfigurationPlatforms) = postSolution
		{0EE1C8E7-E61E-30C5-88C9-FD115E6DE48C}.Debug|Any CPU.ActiveCfg = Debug|Any CPU
		{0EE1C8E7-E61E-30C5-88C9-FD115E6DE48C}.Debug|Any CPU.Build.0 = Debug|Any CPU
		{0EE1C8E7-E61E-30C5-88C9-FD115E6DE48C}.Release|Any CPU.ActiveCfg = Release|Any CPU
		{0EE1C8E7-E61E-30C5-88C9-FD115E6DE48C}.Release|Any CPU.Build.0 = Release|Any CPU
	EndGlobalSection
	GlobalSection(SolutionProperties) = preSolution
		HideSolutionNode = FALSE
	EndGlobalSection
EndGlobal
